{
  "name": "shanghai-mini",
  "lockfileVersion": 3,
  "requires": true,
  "packages": {
    "": {
      "dependencies": {
        "@qiun/wx-ucharts": "^2.5.0-20230101",
        "@vant/weapp": "^1.10.14"
      }
    },
    "node_modules/@qiun/wx-ucharts": {
      "version": "2.5.0-20230101",
      "resolved": "https://repo.huaweicloud.com/repository/npm/@qiun/wx-ucharts/-/wx-ucharts-2.5.0-20230101.tgz",
      "integrity": "sha512-sAaNUf4U6r4/0JZMTlfNwrtfT0v8qFO02B/wYsj4yZGTDAQ/QctGgKI7hVUDUSrqZnjH6xWqE+ql0FOIs1fTuQ==",
      "license": "Apache"
    },
    "node_modules/@vant/weapp": {
      "version": "1.10.14",
      "resolved": "https://repo.huaweicloud.com/repository/npm/@vant/weapp/-/weapp-1.10.14.tgz",
      "integrity": "sha512-5usuhoN1kiOV6pzrdVzHrAux6DupKlGd9w+yYc992Zy1n1wHLZMb1dGM3+xtbNE3tpWE2qv95vIFSMpJRFyE7Q==",
      "license": "MIT"
    }
  }
}
